
Microsoft Visual Studio Solution File, Format Version 12.00
# Visual Studio Version 17
VisualStudioVersion = 17.11.35312.102
MinimumVisualStudioVersion = 10.0.40219.1
Project("{FAE04EC0-301F-11D3-BF4B-00C04F79EFBC}") = "Progress Tracker", "Progress Tracker.csproj", "{81BB1EBB-4D52-4790-84F8-78C8359D0B0C}"
EndProject
Global
	GlobalSection(SolutionConfigurationPlatforms) = preSolution
		Debug|Any CPU = Debug|Any CPU
		Release|Any CPU = Release|Any CPU
	EndGlobalSection
	GlobalSection(ProjectConfigurationPlatforms) = postSolution
		{81BB1EBB-4D52-4790-84F8-78C8359D0B0C}.Debug|Any CPU.ActiveCfg = Debug|Any CPU
		{81BB1EBB-4D52-4790-84F8-78C8359D0B0C}.Debug|Any CPU.Build.0 = Debug|Any CPU
		{81BB1EBB-4D52-4790-84F8-78C8359D0B0C}.Release|Any CPU.ActiveCfg = Release|Any CPU
		{81BB1EBB-4D52-4790-84F8-78C8359D0B0C}.Release|Any CPU.Build.0 = Release|Any CPU
	EndGlobalSection
	GlobalSection(SolutionProperties) = preSolution
		HideSolutionNode = FALSE
	EndGlobalSection
	GlobalSection(ExtensibilityGlobals) = postSolution
		SolutionGuid = {A37E0E23-9D05-49E4-9FD1-19210A8D22AD}
	EndGlobalSection
EndGlobal
